// !$*UTF8*$!
{
	archiveVersion = 1;
	classes = {
	};
	objectVersion = 77;
	objects = {

/* Begin PBXBuildFile section */
		00B92CC1335232D30590D6A6 /* SampleStepView.swift in Sources */ = {isa = PBXBuildFile; fileRef = C54618AB461C27C2E4DB0926 /* SampleStepView.swift */; };
		05E7C407821E1396279A5720 /* TemplateStepView.swift in Sources */ = {isa = PBXBuildFile; fileRef = 3CB8A652AE2E04473D7F6AFF /* TemplateStepView.swift */; };
		2847DEF717A0C40DD3F8657F /* ReleasePreviewTemplate.md in Resources */ = {isa = PBXBuildFile; fileRef = 6E9E93BC8FE34D5146FBCE8E /* ReleasePreviewTemplate.md */; };
		3FDE4B502892F68139A2D3D5 /* StructureStepView.swift in Sources */ = {isa = PBXBuildFile; fileRef = 31812703FE0996CD40A12BEF /* StructureStepView.swift */; };
		442137E81A4544C579D32AED /* AIAssistant.swift in Sources */ = {isa = PBXBuildFile; fileRef = F3C4DF6B964D3434DA952F2F /* AIAssistant.swift */; };
		476E97575042B0312B5722F3 /* SampleLibrary.swift in Sources */ = {isa = PBXBuildFile; fileRef = FA9D164B0B78BAA1A4641006 /* SampleLibrary.swift */; };
		49C1D4E3A8B64B24B1B4A111 /* BeatSheetPDFExporter.swift in Sources */ = {isa = PBXBuildFile; fileRef = 9D4F7B9D4D4F4A8D8F0B1A11 /* BeatSheetPDFExporter.swift */; };
			4C484B625FE1AE9E28517679 /* FDXExporter.swift in Sources */ = {isa = PBXBuildFile; fileRef = AE15A836F41A96713260A342 /* FDXExporter.swift */; };
			5C6E2F228BDABF91D444086E /* CreateITApp.swift in Sources */ = {isa = PBXBuildFile; fileRef = 20EAB205881F2C62D98C2F58 /* CreateITApp.swift */; };
			6272FF0686B3BA4FE8334D4B /* GitHubUpdateService.swift in Sources */ = {isa = PBXBuildFile; fileRef = DE95C45E901ADD64A7C197CA /* GitHubUpdateService.swift */; };
			671B6B1856A2EA3E6D2B2D3D /* LMStudioClient.swift in Sources */ = {isa = PBXBuildFile; fileRef = 2577FA77CCFFA99F066527B7 /* LMStudioClient.swift */; };
			71BF9BE7319AB400233516C8 /* Components.swift in Sources */ = {isa = PBXBuildFile; fileRef = 05ABD7B2FDFDC98B6CB2C6DF /* Components.swift */; };
		7755D7B2F3A58C09C0BBAC1B /* SampleMovie.swift in Sources */ = {isa = PBXBuildFile; fileRef = 97A7B10E48F203BC095C8E98 /* SampleMovie.swift */; };
			7B989AB4174C67859332B7FD /* Assets.xcassets in Resources */ = {isa = PBXBuildFile; fileRef = 5D81E2D703AC09B6A6688DFE /* Assets.xcassets */; };
			7FC7916684AEEF14FD2DF72B /* PlotStepView.swift in Sources */ = {isa = PBXBuildFile; fileRef = 6818992677CCE804A6E70568 /* PlotStepView.swift */; };
			81DF55C65EE613E5047CE6F0 /* Beat.swift in Sources */ = {isa = PBXBuildFile; fileRef = 8D219D4F4FB2E73704778285 /* Beat.swift */; };
			884A34853DF2D6DB54936F7C /* ScriptModels.swift in Sources */ = {isa = PBXBuildFile; fileRef = A07E694AF87CEC835C6FDC62 /* ScriptModels.swift */; };
			9291D4A9048FBF47D4F2F697 /* AISettingsView.swift in Sources */ = {isa = PBXBuildFile; fileRef = EE3DBFD4DCE72214721F76B8 /* AISettingsView.swift */; };
			9A1F2C3D4E5F678901234567 /* FinalDraftStepView.swift in Sources */ = {isa = PBXBuildFile; fileRef = 4B6A7C8D9E0F123456789ABC /* FinalDraftStepView.swift */; };
			93672D9BDBC2CDB46B51EEC7 /* ReleasePreviewFormatter.swift in Sources */ = {isa = PBXBuildFile; fileRef = EF2DC18D29E39A9C020C4EFA /* ReleasePreviewFormatter.swift */; };
		9EAF820A6168B8CAAD512339 /* WizardState.swift in Sources */ = {isa = PBXBuildFile; fileRef = 4C9268371922760085848CB4 /* WizardState.swift */; };
		A96E2E760370C5D31559A47C /* AppInfo.swift in Sources */ = {isa = PBXBuildFile; fileRef = CC164401EB304C3DC069F8C5 /* AppInfo.swift */; };
		B216CFA9784B7F3C794C878A /* UpdateCenterView.swift in Sources */ = {isa = PBXBuildFile; fileRef = 54BEB7C5FF01545507A29CEA /* UpdateCenterView.swift */; };
		BD67BE172BC4287F0E4BF590 /* ReleaseNotes.swift in Sources */ = {isa = PBXBuildFile; fileRef = 3DD19359C1A68BE48555377B /* ReleaseNotes.swift */; };
		C418A71222B6BBBB2F1149AA /* FormatStepView.swift in Sources */ = {isa = PBXBuildFile; fileRef = 68F3FFD0E48453427FCDA992 /* FormatStepView.swift */; };
		E1D790BF729EFAE74B57E7E0 /* VersionHistoryView.swift in Sources */ = {isa = PBXBuildFile; fileRef = 385F0A9A13E9658804CDC588 /* VersionHistoryView.swift */; };
		E7878C8B6FAFC3176C9A6102 /* ContentView.swift in Sources */ = {isa = PBXBuildFile; fileRef = EF36BF2EE7E3FB08ECFA72CB /* ContentView.swift */; };
		EB6295681F3F1B6D58ACBA74 /* GenreStepView.swift in Sources */ = {isa = PBXBuildFile; fileRef = C87BE152A1F1AABB238DBE0D /* GenreStepView.swift */; };
		F13717A86F7E4A6B8EF3D1F1 /* TemplateLibrarySidebarView.swift in Sources */ = {isa = PBXBuildFile; fileRef = 1E9C9D6D5A1146B5A23F4F2A /* TemplateLibrarySidebarView.swift */; };
		F8D8B9A9F1E845D1A9D6F3A3 /* TemplateLibraryStore.swift in Sources */ = {isa = PBXBuildFile; fileRef = 8B74E5D4BC2F4A6D9B0E2B7C /* TemplateLibraryStore.swift */; };
		F9B1E5B94F9C4E2C8C5A2D77 /* SceneOutline.swift in Sources */ = {isa = PBXBuildFile; fileRef = 4E7D3E4C8B8C4A7A9B6E1F21 /* SceneOutline.swift */; };
		F9F4C6D2A8A84A8F91D24A31 /* OutlineStepView.swift in Sources */ = {isa = PBXBuildFile; fileRef = 6A6F45A1654D4F0F8C6A9D12 /* OutlineStepView.swift */; };
/* End PBXBuildFile section */

/* Begin PBXFileReference section */
		05ABD7B2FDFDC98B6CB2C6DF /* Components.swift */ = {isa = PBXFileReference; lastKnownFileType = sourcecode.swift; path = Components.swift; sourceTree = "<group>"; };
		20EAB205881F2C62D98C2F58 /* CreateITApp.swift */ = {isa = PBXFileReference; lastKnownFileType = sourcecode.swift; path = CreateITApp.swift; sourceTree = "<group>"; };
		2577FA77CCFFA99F066527B7 /* LMStudioClient.swift */ = {isa = PBXFileReference; lastKnownFileType = sourcecode.swift; path = LMStudioClient.swift; sourceTree = "<group>"; };
		31812703FE0996CD40A12BEF /* StructureStepView.swift */ = {isa = PBXFileReference; lastKnownFileType = sourcecode.swift; path = StructureStepView.swift; sourceTree = "<group>"; };
		385F0A9A13E9658804CDC588 /* VersionHistoryView.swift */ = {isa = PBXFileReference; lastKnownFileType = sourcecode.swift; path = VersionHistoryView.swift; sourceTree = "<group>"; };
		3CB8A652AE2E04473D7F6AFF /* TemplateStepView.swift */ = {isa = PBXFileReference; lastKnownFileType = sourcecode.swift; path = TemplateStepView.swift; sourceTree = "<group>"; };
		3DD19359C1A68BE48555377B /* ReleaseNotes.swift */ = {isa = PBXFileReference; lastKnownFileType = sourcecode.swift; path = ReleaseNotes.swift; sourceTree = "<group>"; };
		4C9268371922760085848CB4 /* WizardState.swift */ = {isa = PBXFileReference; lastKnownFileType = sourcecode.swift; path = WizardState.swift; sourceTree = "<group>"; };
		9D4F7B9D4D4F4A8D8F0B1A11 /* BeatSheetPDFExporter.swift */ = {isa = PBXFileReference; lastKnownFileType = sourcecode.swift; path = BeatSheetPDFExporter.swift; sourceTree = "<group>"; };
			54BEB7C5FF01545507A29CEA /* UpdateCenterView.swift */ = {isa = PBXFileReference; lastKnownFileType = sourcecode.swift; path = UpdateCenterView.swift; sourceTree = "<group>"; };
			5D81E2D703AC09B6A6688DFE /* Assets.xcassets */ = {isa = PBXFileReference; lastKnownFileType = folder.assetcatalog; path = Assets.xcassets; sourceTree = "<group>"; };
			6818992677CCE804A6E70568 /* PlotStepView.swift */ = {isa = PBXFileReference; lastKnownFileType = sourcecode.swift; path = PlotStepView.swift; sourceTree = "<group>"; };
			6A6F45A1654D4F0F8C6A9D12 /* OutlineStepView.swift */ = {isa = PBXFileReference; lastKnownFileType = sourcecode.swift; path = OutlineStepView.swift; sourceTree = "<group>"; };
			68F3FFD0E48453427FCDA992 /* FormatStepView.swift */ = {isa = PBXFileReference; lastKnownFileType = sourcecode.swift; path = FormatStepView.swift; sourceTree = "<group>"; };
			6B01F34AD2390189324059BB /* Info.plist */ = {isa = PBXFileReference; lastKnownFileType = text.plist; path = Info.plist; sourceTree = "<group>"; };
			6E9E93BC8FE34D5146FBCE8E /* ReleasePreviewTemplate.md */ = {isa = PBXFileReference; lastKnownFileType = net.daringfireball.markdown; path = ReleasePreviewTemplate.md; sourceTree = "<group>"; };
			8D219D4F4FB2E73704778285 /* Beat.swift */ = {isa = PBXFileReference; lastKnownFileType = sourcecode.swift; path = Beat.swift; sourceTree = "<group>"; };
			8B74E5D4BC2F4A6D9B0E2B7C /* TemplateLibraryStore.swift */ = {isa = PBXFileReference; lastKnownFileType = sourcecode.swift; path = TemplateLibraryStore.swift; sourceTree = "<group>"; };
			1E9C9D6D5A1146B5A23F4F2A /* TemplateLibrarySidebarView.swift */ = {isa = PBXFileReference; lastKnownFileType = sourcecode.swift; path = TemplateLibrarySidebarView.swift; sourceTree = "<group>"; };
			4B6A7C8D9E0F123456789ABC /* FinalDraftStepView.swift */ = {isa = PBXFileReference; lastKnownFileType = sourcecode.swift; path = FinalDraftStepView.swift; sourceTree = "<group>"; };
			97A7B10E48F203BC095C8E98 /* SampleMovie.swift */ = {isa = PBXFileReference; lastKnownFileType = sourcecode.swift; path = SampleMovie.swift; sourceTree = "<group>"; };
		A07E694AF87CEC835C6FDC62 /* ScriptModels.swift */ = {isa = PBXFileReference; lastKnownFileType = sourcecode.swift; path = ScriptModels.swift; sourceTree = "<group>"; };
		A12EB497D813B9AF54052573 /* CreateIT.app */ = {isa = PBXFileReference; explicitFileType = wrapper.application; includeInIndex = 0; path = CreateIT.app; sourceTree = BUILT_PRODUCTS_DIR; };
		AE15A836F41A96713260A342 /* FDXExporter.swift */ = {isa = PBXFileReference; lastKnownFileType = sourcecode.swift; path = FDXExporter.swift; sourceTree = "<group>"; };
		C54618AB461C27C2E4DB0926 /* SampleStepView.swift */ = {isa = PBXFileReference; lastKnownFileType = sourcecode.swift; path = SampleStepView.swift; sourceTree = "<group>"; };
		C87BE152A1F1AABB238DBE0D /* GenreStepView.swift */ = {isa = PBXFileReference; lastKnownFileType = sourcecode.swift; path = GenreStepView.swift; sourceTree = "<group>"; };
		CC164401EB304C3DC069F8C5 /* AppInfo.swift */ = {isa = PBXFileReference; lastKnownFileType = sourcecode.swift; path = AppInfo.swift; sourceTree = "<group>"; };
		DE95C45E901ADD64A7C197CA /* GitHubUpdateService.swift */ = {isa = PBXFileReference; lastKnownFileType = sourcecode.swift; path = GitHubUpdateService.swift; sourceTree = "<group>"; };
		EE3DBFD4DCE72214721F76B8 /* AISettingsView.swift */ = {isa = PBXFileReference; lastKnownFileType = sourcecode.swift; path = AISettingsView.swift; sourceTree = "<group>"; };
		EF2DC18D29E39A9C020C4EFA /* ReleasePreviewFormatter.swift */ = {isa = PBXFileReference; lastKnownFileType = sourcecode.swift; path = ReleasePreviewFormatter.swift; sourceTree = "<group>"; };
		EF36BF2EE7E3FB08ECFA72CB /* ContentView.swift */ = {isa = PBXFileReference; lastKnownFileType = sourcecode.swift; path = ContentView.swift; sourceTree = "<group>"; };
		F3C4DF6B964D3434DA952F2F /* AIAssistant.swift */ = {isa = PBXFileReference; lastKnownFileType = sourcecode.swift; path = AIAssistant.swift; sourceTree = "<group>"; };
		4E7D3E4C8B8C4A7A9B6E1F21 /* SceneOutline.swift */ = {isa = PBXFileReference; lastKnownFileType = sourcecode.swift; path = SceneOutline.swift; sourceTree = "<group>"; };
		FA9D164B0B78BAA1A4641006 /* SampleLibrary.swift */ = {isa = PBXFileReference; lastKnownFileType = sourcecode.swift; path = SampleLibrary.swift; sourceTree = "<group>"; };
/* End PBXFileReference section */

/* Begin PBXGroup section */
		079BB03CE3F1AAEB74315B97 /* Export */ = {
			isa = PBXGroup;
			children = (
				9D4F7B9D4D4F4A8D8F0B1A11 /* BeatSheetPDFExporter.swift */,
				AE15A836F41A96713260A342 /* FDXExporter.swift */,
			);
			path = Export;
			sourceTree = "<group>";
		};
		0F467F6B361CC800BA2456D6 /* AI */ = {
			isa = PBXGroup;
			children = (
				F3C4DF6B964D3434DA952F2F /* AIAssistant.swift */,
				2577FA77CCFFA99F066527B7 /* LMStudioClient.swift */,
			);
			path = AI;
			sourceTree = "<group>";
		};
		37001B17FDB1BAFFF340628D /* Data */ = {
			isa = PBXGroup;
			children = (
				FA9D164B0B78BAA1A4641006 /* SampleLibrary.swift */,
			);
			path = Data;
			sourceTree = "<group>";
		};
		44FE88599C67DB907DA062F2 /* Resources */ = {
			isa = PBXGroup;
			children = (
				6E9E93BC8FE34D5146FBCE8E /* ReleasePreviewTemplate.md */,
			);
			path = Resources;
			sourceTree = "<group>";
		};
		46F41B9255A168847B4A1EEA /* ViewModels */ = {
			isa = PBXGroup;
			children = (
				4C9268371922760085848CB4 /* WizardState.swift */,
				8B74E5D4BC2F4A6D9B0E2B7C /* TemplateLibraryStore.swift */,
			);
			path = ViewModels;
			sourceTree = "<group>";
		};
		898272C3C87D23FB552D1531 /* CreateIT */ = {
			isa = PBXGroup;
			children = (
				5D81E2D703AC09B6A6688DFE /* Assets.xcassets */,
				20EAB205881F2C62D98C2F58 /* CreateITApp.swift */,
				6B01F34AD2390189324059BB /* Info.plist */,
				0F467F6B361CC800BA2456D6 /* AI */,
				37001B17FDB1BAFFF340628D /* Data */,
				079BB03CE3F1AAEB74315B97 /* Export */,
				ED778EE366753CBFFE2ADCB2 /* Models */,
				44FE88599C67DB907DA062F2 /* Resources */,
				D2BEDD269037678BC4AD76F7 /* Support */,
				46F41B9255A168847B4A1EEA /* ViewModels */,
				DCAF6858EDBFF8C7FB9979BF /* Views */,
			);
			path = CreateIT;
			sourceTree = "<group>";
		};
		A21A7989CB5D66F3EAFB476E = {
			isa = PBXGroup;
			children = (
				898272C3C87D23FB552D1531 /* CreateIT */,
				E4805BEF5E179050A780B636 /* Products */,
			);
			sourceTree = "<group>";
		};
		D2BEDD269037678BC4AD76F7 /* Support */ = {
			isa = PBXGroup;
			children = (
				CC164401EB304C3DC069F8C5 /* AppInfo.swift */,
				DE95C45E901ADD64A7C197CA /* GitHubUpdateService.swift */,
				3DD19359C1A68BE48555377B /* ReleaseNotes.swift */,
				EF2DC18D29E39A9C020C4EFA /* ReleasePreviewFormatter.swift */,
			);
			path = Support;
			sourceTree = "<group>";
		};
		DCAF6858EDBFF8C7FB9979BF /* Views */ = {
			isa = PBXGroup;
			children = (
				EE3DBFD4DCE72214721F76B8 /* AISettingsView.swift */,
				05ABD7B2FDFDC98B6CB2C6DF /* Components.swift */,
				EF36BF2EE7E3FB08ECFA72CB /* ContentView.swift */,
				68F3FFD0E48453427FCDA992 /* FormatStepView.swift */,
				C87BE152A1F1AABB238DBE0D /* GenreStepView.swift */,
				6818992677CCE804A6E70568 /* PlotStepView.swift */,
					6A6F45A1654D4F0F8C6A9D12 /* OutlineStepView.swift */,
					4B6A7C8D9E0F123456789ABC /* FinalDraftStepView.swift */,
					C54618AB461C27C2E4DB0926 /* SampleStepView.swift */,
					31812703FE0996CD40A12BEF /* StructureStepView.swift */,
				1E9C9D6D5A1146B5A23F4F2A /* TemplateLibrarySidebarView.swift */,
				3CB8A652AE2E04473D7F6AFF /* TemplateStepView.swift */,
				54BEB7C5FF01545507A29CEA /* UpdateCenterView.swift */,
				385F0A9A13E9658804CDC588 /* VersionHistoryView.swift */,
			);
			path = Views;
			sourceTree = "<group>";
		};
		E4805BEF5E179050A780B636 /* Products */ = {
			isa = PBXGroup;
			children = (
				A12EB497D813B9AF54052573 /* CreateIT.app */,
			);
			name = Products;
			sourceTree = "<group>";
		};
		ED778EE366753CBFFE2ADCB2 /* Models */ = {
			isa = PBXGroup;
			children = (
				8D219D4F4FB2E73704778285 /* Beat.swift */,
				4E7D3E4C8B8C4A7A9B6E1F21 /* SceneOutline.swift */,
				97A7B10E48F203BC095C8E98 /* SampleMovie.swift */,
				A07E694AF87CEC835C6FDC62 /* ScriptModels.swift */,
			);
			path = Models;
			sourceTree = "<group>";
		};
/* End PBXGroup section */

/* Begin PBXNativeTarget section */
		DC3564BAED5441F7147D6800 /* CreateIT */ = {
			isa = PBXNativeTarget;
			buildConfigurationList = C85116A56C64D6A96FAC44D2 /* Build configuration list for PBXNativeTarget "CreateIT" */;
			buildPhases = (
				648C70950057A1D5660C344C /* Sources */,
				9CEA6F246DA6C32C75056BDB /* Resources */,
			);
			buildRules = (
			);
			dependencies = (
			);
			name = CreateIT;
			packageProductDependencies = (
			);
			productName = CreateIT;
			productReference = A12EB497D813B9AF54052573 /* CreateIT.app */;
			productType = "com.apple.product-type.application";
		};
/* End PBXNativeTarget section */

/* Begin PBXProject section */
		B0838C17DAD2105088848847 /* Project object */ = {
			isa = PBXProject;
			attributes = {
				BuildIndependentTargetsInParallel = YES;
				LastUpgradeCheck = 1430;
				TargetAttributes = {
					DC3564BAED5441F7147D6800 = {
						ProvisioningStyle = Automatic;
					};
				};
			};
			buildConfigurationList = BDD9F382E59DF03D289D81EE /* Build configuration list for PBXProject "CreateIT" */;
			developmentRegion = en;
			hasScannedForEncodings = 0;
			knownRegions = (
				Base,
				en,
			);
			mainGroup = A21A7989CB5D66F3EAFB476E;
			minimizedProjectReferenceProxies = 1;
			preferredProjectObjectVersion = 77;
			productRefGroup = E4805BEF5E179050A780B636 /* Products */;
			projectDirPath = "";
			projectRoot = "";
			targets = (
				DC3564BAED5441F7147D6800 /* CreateIT */,
			);
		};
/* End PBXProject section */

/* Begin PBXResourcesBuildPhase section */
		9CEA6F246DA6C32C75056BDB /* Resources */ = {
			isa = PBXResourcesBuildPhase;
			buildActionMask = 2147483647;
			files = (
				7B989AB4174C67859332B7FD /* Assets.xcassets in Resources */,
				2847DEF717A0C40DD3F8657F /* ReleasePreviewTemplate.md in Resources */,
			);
			runOnlyForDeploymentPostprocessing = 0;
		};
/* End PBXResourcesBuildPhase section */

/* Begin PBXSourcesBuildPhase section */
		648C70950057A1D5660C344C /* Sources */ = {
			isa = PBXSourcesBuildPhase;
			buildActionMask = 2147483647;
			files = (
				442137E81A4544C579D32AED /* AIAssistant.swift in Sources */,
				9291D4A9048FBF47D4F2F697 /* AISettingsView.swift in Sources */,
				A96E2E760370C5D31559A47C /* AppInfo.swift in Sources */,
				81DF55C65EE613E5047CE6F0 /* Beat.swift in Sources */,
				71BF9BE7319AB400233516C8 /* Components.swift in Sources */,
				E7878C8B6FAFC3176C9A6102 /* ContentView.swift in Sources */,
				5C6E2F228BDABF91D444086E /* CreateITApp.swift in Sources */,
				49C1D4E3A8B64B24B1B4A111 /* BeatSheetPDFExporter.swift in Sources */,
				4C484B625FE1AE9E28517679 /* FDXExporter.swift in Sources */,
				C418A71222B6BBBB2F1149AA /* FormatStepView.swift in Sources */,
				EB6295681F3F1B6D58ACBA74 /* GenreStepView.swift in Sources */,
				6272FF0686B3BA4FE8334D4B /* GitHubUpdateService.swift in Sources */,
				671B6B1856A2EA3E6D2B2D3D /* LMStudioClient.swift in Sources */,
					7FC7916684AEEF14FD2DF72B /* PlotStepView.swift in Sources */,
					9A1F2C3D4E5F678901234567 /* FinalDraftStepView.swift in Sources */,
					BD67BE172BC4287F0E4BF590 /* ReleaseNotes.swift in Sources */,
				93672D9BDBC2CDB46B51EEC7 /* ReleasePreviewFormatter.swift in Sources */,
				476E97575042B0312B5722F3 /* SampleLibrary.swift in Sources */,
				7755D7B2F3A58C09C0BBAC1B /* SampleMovie.swift in Sources */,
				F9F4C6D2A8A84A8F91D24A31 /* OutlineStepView.swift in Sources */,
				F9B1E5B94F9C4E2C8C5A2D77 /* SceneOutline.swift in Sources */,
				00B92CC1335232D30590D6A6 /* SampleStepView.swift in Sources */,
				884A34853DF2D6DB54936F7C /* ScriptModels.swift in Sources */,
				3FDE4B502892F68139A2D3D5 /* StructureStepView.swift in Sources */,
				F13717A86F7E4A6B8EF3D1F1 /* TemplateLibrarySidebarView.swift in Sources */,
				F8D8B9A9F1E845D1A9D6F3A3 /* TemplateLibraryStore.swift in Sources */,
				05E7C407821E1396279A5720 /* TemplateStepView.swift in Sources */,
				B216CFA9784B7F3C794C878A /* UpdateCenterView.swift in Sources */,
				E1D790BF729EFAE74B57E7E0 /* VersionHistoryView.swift in Sources */,
				9EAF820A6168B8CAAD512339 /* WizardState.swift in Sources */,
			);
			runOnlyForDeploymentPostprocessing = 0;
		};
/* End PBXSourcesBuildPhase section */

/* Begin XCBuildConfiguration section */
		00FB2C189607FD64917939FB /* Release */ = {
			isa = XCBuildConfiguration;
			buildSettings = {
				ALWAYS_SEARCH_USER_PATHS = NO;
				CLANG_ANALYZER_NONNULL = YES;
				CLANG_ANALYZER_NUMBER_OBJECT_CONVERSION = YES_AGGRESSIVE;
				CLANG_CXX_LANGUAGE_STANDARD = "gnu++14";
				CLANG_CXX_LIBRARY = "libc++";
				CLANG_ENABLE_MODULES = YES;
				CLANG_ENABLE_OBJC_ARC = YES;
				CLANG_ENABLE_OBJC_WEAK = YES;
				CLANG_WARN_BLOCK_CAPTURE_AUTORELEASING = YES;
				CLANG_WARN_BOOL_CONVERSION = YES;
				CLANG_WARN_COMMA = YES;
				CLANG_WARN_CONSTANT_CONVERSION = YES;
				CLANG_WARN_DEPRECATED_OBJC_IMPLEMENTATIONS = YES;
				CLANG_WARN_DIRECT_OBJC_ISA_USAGE = YES_ERROR;
				CLANG_WARN_DOCUMENTATION_COMMENTS = YES;
				CLANG_WARN_EMPTY_BODY = YES;
				CLANG_WARN_ENUM_CONVERSION = YES;
				CLANG_WARN_INFINITE_RECURSION = YES;
				CLANG_WARN_INT_CONVERSION = YES;
				CLANG_WARN_NON_LITERAL_NULL_CONVERSION = YES;
				CLANG_WARN_OBJC_IMPLICIT_RETAIN_SELF = YES;
				CLANG_WARN_OBJC_LITERAL_CONVERSION = YES;
				CLANG_WARN_OBJC_ROOT_CLASS = YES_ERROR;
				CLANG_WARN_QUOTED_INCLUDE_IN_FRAMEWORK_HEADER = YES;
				CLANG_WARN_RANGE_LOOP_ANALYSIS = YES;
				CLANG_WARN_STRICT_PROTOTYPES = YES;
				CLANG_WARN_SUSPICIOUS_MOVE = YES;
				CLANG_WARN_UNGUARDED_AVAILABILITY = YES_AGGRESSIVE;
				CLANG_WARN_UNREACHABLE_CODE = YES;
				CLANG_WARN__DUPLICATE_METHOD_MATCH = YES;
				COPY_PHASE_STRIP = NO;
				CURRENT_PROJECT_VERSION = 8;
				DEBUG_INFORMATION_FORMAT = "dwarf-with-dsym";
				ENABLE_NS_ASSERTIONS = NO;
				ENABLE_STRICT_OBJC_MSGSEND = YES;
				GCC_C_LANGUAGE_STANDARD = gnu11;
				GCC_NO_COMMON_BLOCKS = YES;
				GCC_WARN_64_TO_32_BIT_CONVERSION = YES;
				GCC_WARN_ABOUT_RETURN_TYPE = YES_ERROR;
				GCC_WARN_UNDECLARED_SELECTOR = YES;
				GCC_WARN_UNINITIALIZED_AUTOS = YES_AGGRESSIVE;
				GCC_WARN_UNUSED_FUNCTION = YES;
				GCC_WARN_UNUSED_VARIABLE = YES;
				GENERATE_INFOPLIST_FILE = YES;
				MACOSX_DEPLOYMENT_TARGET = 14.0;
				MARKETING_VERSION = 1.7;
				MTL_ENABLE_DEBUG_INFO = NO;
				MTL_FAST_MATH = YES;
				PRODUCT_NAME = CreateIT;
				SDKROOT = macosx;
				SWIFT_COMPILATION_MODE = wholemodule;
				SWIFT_OPTIMIZATION_LEVEL = "-O";
				SWIFT_VERSION = 5.0;
			};
			name = Release;
		};
		37541B4EB0C4BC89CF214FAE /* Debug */ = {
			isa = XCBuildConfiguration;
			buildSettings = {
				ALWAYS_SEARCH_USER_PATHS = NO;
				CLANG_ANALYZER_NONNULL = YES;
				CLANG_ANALYZER_NUMBER_OBJECT_CONVERSION = YES_AGGRESSIVE;
				CLANG_CXX_LANGUAGE_STANDARD = "gnu++14";
				CLANG_CXX_LIBRARY = "libc++";
				CLANG_ENABLE_MODULES = YES;
				CLANG_ENABLE_OBJC_ARC = YES;
				CLANG_ENABLE_OBJC_WEAK = YES;
				CLANG_WARN_BLOCK_CAPTURE_AUTORELEASING = YES;
				CLANG_WARN_BOOL_CONVERSION = YES;
				CLANG_WARN_COMMA = YES;
				CLANG_WARN_CONSTANT_CONVERSION = YES;
				CLANG_WARN_DEPRECATED_OBJC_IMPLEMENTATIONS = YES;
				CLANG_WARN_DIRECT_OBJC_ISA_USAGE = YES_ERROR;
				CLANG_WARN_DOCUMENTATION_COMMENTS = YES;
				CLANG_WARN_EMPTY_BODY = YES;
				CLANG_WARN_ENUM_CONVERSION = YES;
				CLANG_WARN_INFINITE_RECURSION = YES;
				CLANG_WARN_INT_CONVERSION = YES;
				CLANG_WARN_NON_LITERAL_NULL_CONVERSION = YES;
				CLANG_WARN_OBJC_IMPLICIT_RETAIN_SELF = YES;
				CLANG_WARN_OBJC_LITERAL_CONVERSION = YES;
				CLANG_WARN_OBJC_ROOT_CLASS = YES_ERROR;
				CLANG_WARN_QUOTED_INCLUDE_IN_FRAMEWORK_HEADER = YES;
				CLANG_WARN_RANGE_LOOP_ANALYSIS = YES;
				CLANG_WARN_STRICT_PROTOTYPES = YES;
				CLANG_WARN_SUSPICIOUS_MOVE = YES;
				CLANG_WARN_UNGUARDED_AVAILABILITY = YES_AGGRESSIVE;
				CLANG_WARN_UNREACHABLE_CODE = YES;
				CLANG_WARN__DUPLICATE_METHOD_MATCH = YES;
				COPY_PHASE_STRIP = NO;
				CURRENT_PROJECT_VERSION = 8;
				DEBUG_INFORMATION_FORMAT = dwarf;
				ENABLE_STRICT_OBJC_MSGSEND = YES;
				ENABLE_TESTABILITY = YES;
				GCC_C_LANGUAGE_STANDARD = gnu11;
				GCC_DYNAMIC_NO_PIC = NO;
				GCC_NO_COMMON_BLOCKS = YES;
				GCC_OPTIMIZATION_LEVEL = 0;
				GCC_PREPROCESSOR_DEFINITIONS = (
					"$(inherited)",
					"DEBUG=1",
				);
				GCC_WARN_64_TO_32_BIT_CONVERSION = YES;
				GCC_WARN_ABOUT_RETURN_TYPE = YES_ERROR;
				GCC_WARN_UNDECLARED_SELECTOR = YES;
				GCC_WARN_UNINITIALIZED_AUTOS = YES_AGGRESSIVE;
				GCC_WARN_UNUSED_FUNCTION = YES;
				GCC_WARN_UNUSED_VARIABLE = YES;
				GENERATE_INFOPLIST_FILE = YES;
				MACOSX_DEPLOYMENT_TARGET = 14.0;
				MARKETING_VERSION = 1.7;
				MTL_ENABLE_DEBUG_INFO = INCLUDE_SOURCE;
				MTL_FAST_MATH = YES;
				ONLY_ACTIVE_ARCH = YES;
				PRODUCT_NAME = CreateIT;
				SDKROOT = macosx;
				SWIFT_ACTIVE_COMPILATION_CONDITIONS = DEBUG;
				SWIFT_OPTIMIZATION_LEVEL = "-Onone";
				SWIFT_VERSION = 5.0;
			};
			name = Debug;
		};
		63DA586E30852FC978D59F82 /* Release */ = {
			isa = XCBuildConfiguration;
			buildSettings = {
				ASSETCATALOG_COMPILER_APPICON_NAME = AppIcon;
				CODE_SIGN_IDENTITY = "-";
				CODE_SIGN_STYLE = Automatic;
				COMBINE_HIDPI_IMAGES = YES;
				ENABLE_HARDENED_RUNTIME = YES;
				GENERATE_INFOPLIST_FILE = NO;
				INFOPLIST_FILE = CreateIT/Info.plist;
				LD_RUNPATH_SEARCH_PATHS = (
					"$(inherited)",
					"@executable_path/../Frameworks",
				);
				PRODUCT_BUNDLE_IDENTIFIER = com.createit.app;
				SDKROOT = macosx;
				SWIFT_VERSION = 5.0;
			};
			name = Release;
		};
		D9E2EC1714D675DFB5437373 /* Debug */ = {
			isa = XCBuildConfiguration;
			buildSettings = {
				ASSETCATALOG_COMPILER_APPICON_NAME = AppIcon;
				CODE_SIGN_IDENTITY = "-";
				CODE_SIGN_STYLE = Automatic;
				COMBINE_HIDPI_IMAGES = YES;
				ENABLE_HARDENED_RUNTIME = YES;
				GENERATE_INFOPLIST_FILE = NO;
				INFOPLIST_FILE = CreateIT/Info.plist;
				LD_RUNPATH_SEARCH_PATHS = (
					"$(inherited)",
					"@executable_path/../Frameworks",
				);
				PRODUCT_BUNDLE_IDENTIFIER = com.createit.app;
				SDKROOT = macosx;
				SWIFT_VERSION = 5.0;
			};
			name = Debug;
		};
/* End XCBuildConfiguration section */

/* Begin XCConfigurationList section */
		BDD9F382E59DF03D289D81EE /* Build configuration list for PBXProject "CreateIT" */ = {
			isa = XCConfigurationList;
			buildConfigurations = (
				37541B4EB0C4BC89CF214FAE /* Debug */,
				00FB2C189607FD64917939FB /* Release */,
			);
			defaultConfigurationIsVisible = 0;
			defaultConfigurationName = Debug;
		};
		C85116A56C64D6A96FAC44D2 /* Build configuration list for PBXNativeTarget "CreateIT" */ = {
			isa = XCConfigurationList;
			buildConfigurations = (
				D9E2EC1714D675DFB5437373 /* Debug */,
				63DA586E30852FC978D59F82 /* Release */,
			);
			defaultConfigurationIsVisible = 0;
			defaultConfigurationName = Debug;
		};
/* End XCConfigurationList section */
	};
	rootObject = B0838C17DAD2105088848847 /* Project object */;
}
